
Microsoft Visual Studio Solution File, Format Version 12.00
# Visual Studio Version 16
VisualStudioVersion = 16.0.29230.47
MinimumVisualStudioVersion = 10.0.40219.1
Project("{9A19103F-16F7-4668-BE54-9A1E7A4F7556}") = "Apex.Instagram.API", "Apex.Instagram.API\Apex.Instagram.API.csproj", "{F6028B03-854E-40B6-A8C1-CB4CA7018665}"
EndProject
Project("{FAE04EC0-301F-11D3-BF4B-00C04F79EFBC}") = "Apex.Shared", "Apex.Shared\Apex.Shared.csproj", "{4B179053-4C96-44D9-A299-86E5BC24DF7B}"
EndProject
Project("{FAE04EC0-301F-11D3-BF4B-00C04F79EFBC}") = "Apex.Instagram.UI", "Apex.Instagram.UI\Apex.Instagram.UI.csproj", "{A5505739-3C58-4D93-A5BC-0536CEA7D42B}"
EndProject
Project("{2150E333-8FDC-42A3-9474-1A3956D46DE8}") = "UI", "UI", "{9AD26E5B-04C7-4AA0-B8AF-AFACDE0BD358}"
EndProject
Project("{FAE04EC0-301F-11D3-BF4B-00C04F79EFBC}") = "Apex.Instagram.UI.Contracts", "Apex.Instagram.UI.Contracts\Apex.Instagram.UI.Contracts.csproj", "{F7F59B71-0C93-455B-AFD3-0A918B5BE306}"
EndProject
Project("{FAE04EC0-301F-11D3-BF4B-00C04F79EFBC}") = "Apex.Instagram.Service", "Apex.Instagram.Service\Apex.Instagram.Service.csproj", "{87804193-05B4-43BA-B95C-4D1A95BB0977}"
EndProject
Project("{2150E333-8FDC-42A3-9474-1A3956D46DE8}") = "Service", "Service", "{5B8A5B81-1ADD-417F-889D-72B77FA07B4F}"
EndProject
Project("{FAE04EC0-301F-11D3-BF4B-00C04F79EFBC}") = "Apex.Instagram.Service.Tests", "Apex.Instagram.Service.Tests\Apex.Instagram.Service.Tests.csproj", "{DE0A1BA6-AEE7-4091-9F0A-793C00553C3B}"
EndProject
Project("{9A19103F-16F7-4668-BE54-9A1E7A4F7556}") = "Apex.Instagram.API.Tests", "Apex.Instagram.API.Tests\Apex.Instagram.API.Tests.csproj", "{88EA460F-8582-4308-B73D-33192200BF8E}"
EndProject
Project("{FAE04EC0-301F-11D3-BF4B-00C04F79EFBC}") = "Apex.Shared.Core", "Apex.Shared.Core\Apex.Shared.Core.csproj", "{B842974F-05C8-4A3D-B640-AA9A3B1E0905}"
EndProject
Global
	GlobalSection(SolutionConfigurationPlatforms) = preSolution
		Debug|Any CPU = Debug|Any CPU
		Debug|x86 = Debug|x86
		Release|Any CPU = Release|Any CPU
		Release|x86 = Release|x86
	EndGlobalSection
	GlobalSection(ProjectConfigurationPlatforms) = postSolution
		{F6028B03-854E-40B6-A8C1-CB4CA7018665}.Debug|Any CPU.ActiveCfg = Debug|Any CPU
		{F6028B03-854E-40B6-A8C1-CB4CA7018665}.Debug|Any CPU.Build.0 = Debug|Any CPU
		{F6028B03-854E-40B6-A8C1-CB4CA7018665}.Debug|x86.ActiveCfg = Debug|Any CPU
		{F6028B03-854E-40B6-A8C1-CB4CA7018665}.Debug|x86.Build.0 = Debug|Any CPU
		{F6028B03-854E-40B6-A8C1-CB4CA7018665}.Release|Any CPU.ActiveCfg = Release|Any CPU
		{F6028B03-854E-40B6-A8C1-CB4CA7018665}.Release|Any CPU.Build.0 = Release|Any CPU
		{F6028B03-854E-40B6-A8C1-CB4CA7018665}.Release|x86.ActiveCfg = Release|Any CPU
		{F6028B03-854E-40B6-A8C1-CB4CA7018665}.Release|x86.Build.0 = Release|Any CPU
		{4B179053-4C96-44D9-A299-86E5BC24DF7B}.Debug|Any CPU.ActiveCfg = Debug|Any CPU
		{4B179053-4C96-44D9-A299-86E5BC24DF7B}.Debug|Any CPU.Build.0 = Debug|Any CPU
		{4B179053-4C96-44D9-A299-86E5BC24DF7B}.Debug|x86.ActiveCfg = Debug|Any CPU
		{4B179053-4C96-44D9-A299-86E5BC24DF7B}.Debug|x86.Build.0 = Debug|Any CPU
		{4B179053-4C96-44D9-A299-86E5BC24DF7B}.Release|Any CPU.ActiveCfg = Release|Any CPU
		{4B179053-4C96-44D9-A299-86E5BC24DF7B}.Release|Any CPU.Build.0 = Release|Any CPU
		{4B179053-4C96-44D9-A299-86E5BC24DF7B}.Release|x86.ActiveCfg = Release|Any CPU
		{4B179053-4C96-44D9-A299-86E5BC24DF7B}.Release|x86.Build.0 = Release|Any CPU
		{A5505739-3C58-4D93-A5BC-0536CEA7D42B}.Debug|Any CPU.ActiveCfg = Debug|Any CPU
		{A5505739-3C58-4D93-A5BC-0536CEA7D42B}.Debug|Any CPU.Build.0 = Debug|Any CPU
		{A5505739-3C58-4D93-A5BC-0536CEA7D42B}.Debug|x86.ActiveCfg = Debug|x86
		{A5505739-3C58-4D93-A5BC-0536CEA7D42B}.Debug|x86.Build.0 = Debug|x86
		{A5505739-3C58-4D93-A5BC-0536CEA7D42B}.Release|Any CPU.ActiveCfg = Release|x86
		{A5505739-3C58-4D93-A5BC-0536CEA7D42B}.Release|x86.ActiveCfg = Release|x86
		{A5505739-3C58-4D93-A5BC-0536CEA7D42B}.Release|x86.Build.0 = Release|x86
		{F7F59B71-0C93-455B-AFD3-0A918B5BE306}.Debug|Any CPU.ActiveCfg = Debug|Any CPU
		{F7F59B71-0C93-455B-AFD3-0A918B5BE306}.Debug|Any CPU.Build.0 = Debug|Any CPU
		{F7F59B71-0C93-455B-AFD3-0A918B5BE306}.Debug|x86.ActiveCfg = Debug|Any CPU
		{F7F59B71-0C93-455B-AFD3-0A918B5BE306}.Debug|x86.Build.0 = Debug|Any CPU
		{F7F59B71-0C93-455B-AFD3-0A918B5BE306}.Release|Any CPU.ActiveCfg = Release|Any CPU
		{F7F59B71-0C93-455B-AFD3-0A918B5BE306}.Release|Any CPU.Build.0 = Release|Any CPU
		{F7F59B71-0C93-455B-AFD3-0A918B5BE306}.Release|x86.ActiveCfg = Release|Any CPU
		{F7F59B71-0C93-455B-AFD3-0A918B5BE306}.Release|x86.Build.0 = Release|Any CPU
		{87804193-05B4-43BA-B95C-4D1A95BB0977}.Debug|Any CPU.ActiveCfg = Debug|Any CPU
		{87804193-05B4-43BA-B95C-4D1A95BB0977}.Debug|Any CPU.Build.0 = Debug|Any CPU
		{87804193-05B4-43BA-B95C-4D1A95BB0977}.Debug|x86.ActiveCfg = Debug|Any CPU
		{87804193-05B4-43BA-B95C-4D1A95BB0977}.Debug|x86.Build.0 = Debug|Any CPU
		{87804193-05B4-43BA-B95C-4D1A95BB0977}.Release|Any CPU.ActiveCfg = Release|Any CPU
		{87804193-05B4-43BA-B95C-4D1A95BB0977}.Release|Any CPU.Build.0 = Release|Any CPU
		{87804193-05B4-43BA-B95C-4D1A95BB0977}.Release|x86.ActiveCfg = Release|Any CPU
		{87804193-05B4-43BA-B95C-4D1A95BB0977}.Release|x86.Build.0 = Release|Any CPU
		{DE0A1BA6-AEE7-4091-9F0A-793C00553C3B}.Debug|Any CPU.ActiveCfg = Debug|Any CPU
		{DE0A1BA6-AEE7-4091-9F0A-793C00553C3B}.Debug|Any CPU.Build.0 = Debug|Any CPU
		{DE0A1BA6-AEE7-4091-9F0A-793C00553C3B}.Debug|x86.ActiveCfg = Debug|Any CPU
		{DE0A1BA6-AEE7-4091-9F0A-793C00553C3B}.Debug|x86.Build.0 = Debug|Any CPU
		{DE0A1BA6-AEE7-4091-9F0A-793C00553C3B}.Release|Any CPU.ActiveCfg = Release|Any CPU
		{DE0A1BA6-AEE7-4091-9F0A-793C00553C3B}.Release|Any CPU.Build.0 = Release|Any CPU
		{DE0A1BA6-AEE7-4091-9F0A-793C00553C3B}.Release|x86.ActiveCfg = Release|Any CPU
		{DE0A1BA6-AEE7-4091-9F0A-793C00553C3B}.Release|x86.Build.0 = Release|Any CPU
		{88EA460F-8582-4308-B73D-33192200BF8E}.Debug|Any CPU.ActiveCfg = Debug|Any CPU
		{88EA460F-8582-4308-B73D-33192200BF8E}.Debug|Any CPU.Build.0 = Debug|Any CPU
		{88EA460F-8582-4308-B73D-33192200BF8E}.Debug|x86.ActiveCfg = Debug|Any CPU
		{88EA460F-8582-4308-B73D-33192200BF8E}.Debug|x86.Build.0 = Debug|Any CPU
		{88EA460F-8582-4308-B73D-33192200BF8E}.Release|Any CPU.ActiveCfg = Release|Any CPU
		{88EA460F-8582-4308-B73D-33192200BF8E}.Release|Any CPU.Build.0 = Release|Any CPU
		{88EA460F-8582-4308-B73D-33192200BF8E}.Release|x86.ActiveCfg = Release|Any CPU
		{88EA460F-8582-4308-B73D-33192200BF8E}.Release|x86.Build.0 = Release|Any CPU
		{B842974F-05C8-4A3D-B640-AA9A3B1E0905}.Debug|Any CPU.ActiveCfg = Debug|Any CPU
		{B842974F-05C8-4A3D-B640-AA9A3B1E0905}.Debug|Any CPU.Build.0 = Debug|Any CPU
		{B842974F-05C8-4A3D-B640-AA9A3B1E0905}.Debug|x86.ActiveCfg = Debug|Any CPU
		{B842974F-05C8-4A3D-B640-AA9A3B1E0905}.Debug|x86.Build.0 = Debug|Any CPU
		{B842974F-05C8-4A3D-B640-AA9A3B1E0905}.Release|Any CPU.ActiveCfg = Release|Any CPU
		{B842974F-05C8-4A3D-B640-AA9A3B1E0905}.Release|Any CPU.Build.0 = Release|Any CPU
		{B842974F-05C8-4A3D-B640-AA9A3B1E0905}.Release|x86.ActiveCfg = Release|Any CPU
		{B842974F-05C8-4A3D-B640-AA9A3B1E0905}.Release|x86.Build.0 = Release|Any CPU
	EndGlobalSection
	GlobalSection(SolutionProperties) = preSolution
		HideSolutionNode = FALSE
	EndGlobalSection
	GlobalSection(NestedProjects) = preSolution
		{A5505739-3C58-4D93-A5BC-0536CEA7D42B} = {9AD26E5B-04C7-4AA0-B8AF-AFACDE0BD358}
		{F7F59B71-0C93-455B-AFD3-0A918B5BE306} = {9AD26E5B-04C7-4AA0-B8AF-AFACDE0BD358}
		{87804193-05B4-43BA-B95C-4D1A95BB0977} = {5B8A5B81-1ADD-417F-889D-72B77FA07B4F}
		{DE0A1BA6-AEE7-4091-9F0A-793C00553C3B} = {5B8A5B81-1ADD-417F-889D-72B77FA07B4F}
	EndGlobalSection
	GlobalSection(ExtensibilityGlobals) = postSolution
		SolutionGuid = {6992D6E5-35E7-4F0D-8F6A-D8BC03D708E5}
	EndGlobalSection
EndGlobal
