
Microsoft Visual Studio Solution File, Format Version 12.00
# Visual Studio 15
VisualStudioVersion = 15.0.27703.2042
MinimumVisualStudioVersion = 10.0.40219.1
Project("{FAE04EC0-301F-11D3-BF4B-00C04F79EFBC}") = "Apex.Instagram", "Apex.Instagram\Apex.Instagram.csproj", "{F6028B03-854E-40B6-A8C1-CB4CA7018665}"
EndProject
Project("{FAE04EC0-301F-11D3-BF4B-00C04F79EFBC}") = "Apex.Instagram.Tests", "Apex.Instagram.Tests\Apex.Instagram.Tests.csproj", "{BC5D5A25-1780-4E94-81C4-DC869FCA1554}"
EndProject
Project("{FAE04EC0-301F-11D3-BF4B-00C04F79EFBC}") = "Apex.Shared", "Apex.Shared\Apex.Shared.csproj", "{4B179053-4C96-44D9-A299-86E5BC24DF7B}"
EndProject
Global
	GlobalSection(SolutionConfigurationPlatforms) = preSolution
		Debug|Any CPU = Debug|Any CPU
		Release|Any CPU = Release|Any CPU
	EndGlobalSection
	GlobalSection(ProjectConfigurationPlatforms) = postSolution
		{F6028B03-854E-40B6-A8C1-CB4CA7018665}.Debug|Any CPU.ActiveCfg = Debug|Any CPU
		{F6028B03-854E-40B6-A8C1-CB4CA7018665}.Debug|Any CPU.Build.0 = Debug|Any CPU
		{F6028B03-854E-40B6-A8C1-CB4CA7018665}.Release|Any CPU.ActiveCfg = Release|Any CPU
		{F6028B03-854E-40B6-A8C1-CB4CA7018665}.Release|Any CPU.Build.0 = Release|Any CPU
		{BC5D5A25-1780-4E94-81C4-DC869FCA1554}.Debug|Any CPU.ActiveCfg = Debug|Any CPU
		{BC5D5A25-1780-4E94-81C4-DC869FCA1554}.Debug|Any CPU.Build.0 = Debug|Any CPU
		{BC5D5A25-1780-4E94-81C4-DC869FCA1554}.Release|Any CPU.ActiveCfg = Release|Any CPU
		{BC5D5A25-1780-4E94-81C4-DC869FCA1554}.Release|Any CPU.Build.0 = Release|Any CPU
		{4B179053-4C96-44D9-A299-86E5BC24DF7B}.Debug|Any CPU.ActiveCfg = Debug|Any CPU
		{4B179053-4C96-44D9-A299-86E5BC24DF7B}.Debug|Any CPU.Build.0 = Debug|Any CPU
		{4B179053-4C96-44D9-A299-86E5BC24DF7B}.Release|Any CPU.ActiveCfg = Release|Any CPU
		{4B179053-4C96-44D9-A299-86E5BC24DF7B}.Release|Any CPU.Build.0 = Release|Any CPU
	EndGlobalSection
	GlobalSection(SolutionProperties) = preSolution
		HideSolutionNode = FALSE
	EndGlobalSection
	GlobalSection(ExtensibilityGlobals) = postSolution
		SolutionGuid = {6992D6E5-35E7-4F0D-8F6A-D8BC03D708E5}
	EndGlobalSection
EndGlobal
